// !$*UTF8*$!
{
	archiveVersion = 1;
	classes = {
	};
	objectVersion = 50;
	objects = {

/* Begin PBXBuildFile section */
		23DA968F20BFE92D0077B1E4 /* AppDelegate.m in Sources */ = {isa = PBXBuildFile; fileRef = 23DA968E20BFE92D0077B1E4 /* AppDelegate.m */; };
		23DA969220BFE92D0077B1E4 /* ViewController.m in Sources */ = {isa = PBXBuildFile; fileRef = 23DA969120BFE92D0077B1E4 /* ViewController.m */; };
		23DA969520BFE92D0077B1E4 /* Main.storyboard in Resources */ = {isa = PBXBuildFile; fileRef = 23DA969320BFE92D0077B1E4 /* Main.storyboard */; };
		23DA969720BFE92E0077B1E4 /* Assets.xcassets in Resources */ = {isa = PBXBuildFile; fileRef = 23DA969620BFE92E0077B1E4 /* Assets.xcassets */; };
		23DA969A20BFE92E0077B1E4 /* LaunchScreen.storyboard in Resources */ = {isa = PBXBuildFile; fileRef = 23DA969820BFE92E0077B1E4 /* LaunchScreen.storyboard */; };
		23DA969D20BFE92E0077B1E4 /* main.m in Sources */ = {isa = PBXBuildFile; fileRef = 23DA969C20BFE92E0077B1E4 /* main.m */; };
/* End PBXBuildFile section */

/* Begin PBXFileReference section */
		23DA968A20BFE92D0077B1E4 /* ZGTwoStageLinkage.app */ = {isa = PBXFileReference; explicitFileType = wrapper.application; includeInIndex = 0; path = ZGTwoStageLinkage.app; sourceTree = BUILT_PRODUCTS_DIR; };
		23DA968D20BFE92D0077B1E4 /* AppDelegate.h */ = {isa = PBXFileReference; lastKnownFileType = sourcecode.c.h; path = AppDelegate.h; sourceTree = "<group>"; };
		23DA968E20BFE92D0077B1E4 /* AppDelegate.m */ = {isa = PBXFileReference; lastKnownFileType = sourcecode.c.objc; path = AppDelegate.m; sourceTree = "<group>"; };
		23DA969020BFE92D0077B1E4 /* ViewController.h */ = {isa = PBXFileReference; lastKnownFileType = sourcecode.c.h; path = ViewController.h; sourceTree = "<group>"; };
		23DA969120BFE92D0077B1E4 /* ViewController.m */ = {isa = PBXFileReference; lastKnownFileType = sourcecode.c.objc; path = ViewController.m; sourceTree = "<group>"; };
		23DA969420BFE92D0077B1E4 /* Base */ = {isa = PBXFileReference; lastKnownFileType = file.storyboard; name = Base; path = Base.lproj/Main.storyboard; sourceTree = "<group>"; };
		23DA969620BFE92E0077B1E4 /* Assets.xcassets */ = {isa = PBXFileReference; lastKnownFileType = folder.assetcatalog; path = Assets.xcassets; sourceTree = "<group>"; };
		23DA969920BFE92E0077B1E4 /* Base */ = {isa = PBXFileReference; lastKnownFileType = file.storyboard; name = Base; path = Base.lproj/LaunchScreen.storyboard; sourceTree = "<group>"; };
		23DA969B20BFE92E0077B1E4 /* Info.plist */ = {isa = PBXFileReference; lastKnownFileType = text.plist.xml; path = Info.plist; sourceTree = "<group>"; };
		23DA969C20BFE92E0077B1E4 /* main.m */ = {isa = PBXFileReference; lastKnownFileType = sourcecode.c.objc; path = main.m; sourceTree = "<group>"; };
		23DA96A320BFEF6F0077B1E4 /* PrefixHeader.pch */ = {isa = PBXFileReference; lastKnownFileType = sourcecode.c.h; path = PrefixHeader.pch; sourceTree = "<group>"; };
/* End PBXFileReference section */

/* Begin PBXFrameworksBuildPhase section */
		23DA968720BFE92D0077B1E4 /* Frameworks */ = {
			isa = PBXFrameworksBuildPhase;
			buildActionMask = 2147483647;
			files = (
			);
			runOnlyForDeploymentPostprocessing = 0;
		};
/* End PBXFrameworksBuildPhase section */

/* Begin PBXGroup section */
		23DA968120BFE92D0077B1E4 = {
			isa = PBXGroup;
			children = (
				23DA968C20BFE92D0077B1E4 /* ZGTwoStageLinkage */,
				23DA968B20BFE92D0077B1E4 /* Products */,
			);
			sourceTree = "<group>";
		};
		23DA968B20BFE92D0077B1E4 /* Products */ = {
			isa = PBXGroup;
			children = (
				23DA968A20BFE92D0077B1E4 /* ZGTwoStageLinkage.app */,
			);
			name = Products;
			sourceTree = "<group>";
		};
		23DA968C20BFE92D0077B1E4 /* ZGTwoStageLinkage */ = {
			isa = PBXGroup;
			children = (
				23DA968D20BFE92D0077B1E4 /* AppDelegate.h */,
				23DA968E20BFE92D0077B1E4 /* AppDelegate.m */,
				23DA969020BFE92D0077B1E4 /* ViewController.h */,
				23DA969120BFE92D0077B1E4 /* ViewController.m */,
				23DA96A320BFEF6F0077B1E4 /* PrefixHeader.pch */,
				23DA969320BFE92D0077B1E4 /* Main.storyboard */,
				23DA969620BFE92E0077B1E4 /* Assets.xcassets */,
				23DA969820BFE92E0077B1E4 /* LaunchScreen.storyboard */,
				23DA969B20BFE92E0077B1E4 /* Info.plist */,
				23DA969C20BFE92E0077B1E4 /* main.m */,
			);
			path = ZGTwoStageLinkage;
			sourceTree = "<group>";
		};
/* End PBXGroup section */

/* Begin PBXNativeTarget section */
		23DA968920BFE92D0077B1E4 /* ZGTwoStageLinkage */ = {
			isa = PBXNativeTarget;
			buildConfigurationList = 23DA96A020BFE92E0077B1E4 /* Build configuration list for PBXNativeTarget "ZGTwoStageLinkage" */;
			buildPhases = (
				23DA968620BFE92D0077B1E4 /* Sources */,
				23DA968720BFE92D0077B1E4 /* Frameworks */,
				23DA968820BFE92D0077B1E4 /* Resources */,
			);
			buildRules = (
			);
			dependencies = (
			);
			name = ZGTwoStageLinkage;
			productName = ZGTwoStageLinkage;
			productReference = 23DA968A20BFE92D0077B1E4 /* ZGTwoStageLinkage.app */;
			productType = "com.apple.product-type.application";
		};
/* End PBXNativeTarget section */

/* Begin PBXProject section */
		23DA968220BFE92D0077B1E4 /* Project object */ = {
			isa = PBXProject;
			attributes = {
				LastUpgradeCheck = 0940;
				ORGANIZATIONNAME = cn;
				TargetAttributes = {
					23DA968920BFE92D0077B1E4 = {
						CreatedOnToolsVersion = 9.4;
					};
				};
			};
			buildConfigurationList = 23DA968520BFE92D0077B1E4 /* Build configuration list for PBXProject "ZGTwoStageLinkage" */;
			compatibilityVersion = "Xcode 9.3";
			developmentRegion = en;
			hasScannedForEncodings = 0;
			knownRegions = (
				en,
				Base,
			);
			mainGroup = 23DA968120BFE92D0077B1E4;
			productRefGroup = 23DA968B20BFE92D0077B1E4 /* Products */;
			projectDirPath = "";
			projectRoot = "";
			targets = (
				23DA968920BFE92D0077B1E4 /* ZGTwoStageLinkage */,
			);
		};
/* End PBXProject section */

/* Begin PBXResourcesBuildPhase section */
		23DA968820BFE92D0077B1E4 /* Resources */ = {
			isa = PBXResourcesBuildPhase;
			buildActionMask = 2147483647;
			files = (
				23DA969A20BFE92E0077B1E4 /* LaunchScreen.storyboard in Resources */,
				23DA969720BFE92E0077B1E4 /* Assets.xcassets in Resources */,
				23DA969520BFE92D0077B1E4 /* Main.storyboard in Resources */,
			);
			runOnlyForDeploymentPostprocessing = 0;
		};
/* End PBXResourcesBuildPhase section */

/* Begin PBXSourcesBuildPhase section */
		23DA968620BFE92D0077B1E4 /* Sources */ = {
			isa = PBXSourcesBuildPhase;
			buildActionMask = 2147483647;
			files = (
				23DA969220BFE92D0077B1E4 /* ViewController.m in Sources */,
				23DA969D20BFE92E0077B1E4 /* main.m in Sources */,
				23DA968F20BFE92D0077B1E4 /* AppDelegate.m in Sources */,
			);
			runOnlyForDeploymentPostprocessing = 0;
		};
/* End PBXSourcesBuildPhase section */

/* Begin PBXVariantGroup section */
		23DA969320BFE92D0077B1E4 /* Main.storyboard */ = {
			isa = PBXVariantGroup;
			children = (
				23DA969420BFE92D0077B1E4 /* Base */,
			);
			name = Main.storyboard;
			sourceTree = "<group>";
		};
		23DA969820BFE92E0077B1E4 /* LaunchScreen.storyboard */ = {
			isa = PBXVariantGroup;
			children = (
				23DA969920BFE92E0077B1E4 /* Base */,
			);
			name = LaunchScreen.storyboard;
			sourceTree = "<group>";
		};
/* End PBXVariantGroup section */

/* Begin XCBuildConfiguration section */
		23DA969E20BFE92E0077B1E4 /* Debug */ = {
			isa = XCBuildConfiguration;
			buildSettings = {
				ALWAYS_SEARCH_USER_PATHS = NO;
				CLANG_ANALYZER_NONNULL = YES;
				CLANG_ANALYZER_NUMBER_OBJECT_CONVERSION = YES_AGGRESSIVE;
				CLANG_CXX_LANGUAGE_STANDARD = "gnu++14";
				CLANG_CXX_LIBRARY = "libc++";
				CLANG_ENABLE_MODULES = YES;
				CLANG_ENABLE_OBJC_ARC = YES;
				CLANG_ENABLE_OBJC_WEAK = YES;
				CLANG_WARN_BLOCK_CAPTURE_AUTORELEASING = YES;
				CLANG_WARN_BOOL_CONVERSION = YES;
				CLANG_WARN_COMMA = YES;
				CLANG_WARN_CONSTANT_CONVERSION = YES;
				CLANG_WARN_DEPRECATED_OBJC_IMPLEMENTATIONS = YES;
				CLANG_WARN_DIRECT_OBJC_ISA_USAGE = YES_ERROR;
				CLANG_WARN_DOCUMENTATION_COMMENTS = YES;
				CLANG_WARN_EMPTY_BODY = YES;
				CLANG_WARN_ENUM_CONVERSION = YES;
				CLANG_WARN_INFINITE_RECURSION = YES;
				CLANG_WARN_INT_CONVERSION = YES;
				CLANG_WARN_NON_LITERAL_NULL_CONVERSION = YES;
				CLANG_WARN_OBJC_IMPLICIT_RETAIN_SELF = YES;
				CLANG_WARN_OBJC_LITERAL_CONVERSION = YES;
				CLANG_WARN_OBJC_ROOT_CLASS = YES_ERROR;
				CLANG_WARN_RANGE_LOOP_ANALYSIS = YES;
				CLANG_WARN_STRICT_PROTOTYPES = YES;
				CLANG_WARN_SUSPICIOUS_MOVE = YES;
				CLANG_WARN_UNGUARDED_AVAILABILITY = YES_AGGRESSIVE;
				CLANG_WARN_UNREACHABLE_CODE = YES;
				CLANG_WARN__DUPLICATE_METHOD_MATCH = YES;
				CODE_SIGN_IDENTITY = "iPhone Developer";
				COPY_PHASE_STRIP = NO;
				DEBUG_INFORMATION_FORMAT = dwarf;
				ENABLE_STRICT_OBJC_MSGSEND = YES;
				ENABLE_TESTABILITY = YES;
				GCC_C_LANGUAGE_STANDARD = gnu11;
				GCC_DYNAMIC_NO_PIC = NO;
				GCC_NO_COMMON_BLOCKS = YES;
				GCC_OPTIMIZATION_LEVEL = 0;
				GCC_PREPROCESSOR_DEFINITIONS = (
					"DEBUG=1",
					"$(inherited)",
				);
				GCC_WARN_64_TO_32_BIT_CONVERSION = YES;
				GCC_WARN_ABOUT_RETURN_TYPE = YES_ERROR;
				GCC_WARN_UNDECLARED_SELECTOR = YES;
				GCC_WARN_UNINITIALIZED_AUTOS = YES_AGGRESSIVE;
				GCC_WARN_UNUSED_FUNCTION = YES;
				GCC_WARN_UNUSED_VARIABLE = YES;
				IPHONEOS_DEPLOYMENT_TARGET = 11.4;
				MTL_ENABLE_DEBUG_INFO = YES;
				ONLY_ACTIVE_ARCH = YES;
				SDKROOT = iphoneos;
			};
			name = Debug;
		};
		23DA969F20BFE92E0077B1E4 /* Release */ = {
			isa = XCBuildConfiguration;
			buildSettings = {
				ALWAYS_SEARCH_USER_PATHS = NO;
				CLANG_ANALYZER_NONNULL = YES;
				CLANG_ANALYZER_NUMBER_OBJECT_CONVERSION = YES_AGGRESSIVE;
				CLANG_CXX_LANGUAGE_STANDARD = "gnu++14";
				CLANG_CXX_LIBRARY = "libc++";
				CLANG_ENABLE_MODULES = YES;
				CLANG_ENABLE_OBJC_ARC = YES;
				CLANG_ENABLE_OBJC_WEAK = YES;
				CLANG_WARN_BLOCK_CAPTURE_AUTORELEASING = YES;
				CLANG_WARN_BOOL_CONVERSION = YES;
				CLANG_WARN_COMMA = YES;
				CLANG_WARN_CONSTANT_CONVERSION = YES;
				CLANG_WARN_DEPRECATED_OBJC_IMPLEMENTATIONS = YES;
				CLANG_WARN_DIRECT_OBJC_ISA_USAGE = YES_ERROR;
				CLANG_WARN_DOCUMENTATION_COMMENTS = YES;
				CLANG_WARN_EMPTY_BODY = YES;
				CLANG_WARN_ENUM_CONVERSION = YES;
				CLANG_WARN_INFINITE_RECURSION = YES;
				CLANG_WARN_INT_CONVERSION = YES;
				CLANG_WARN_NON_LITERAL_NULL_CONVERSION = YES;
				CLANG_WARN_OBJC_IMPLICIT_RETAIN_SELF = YES;
				CLANG_WARN_OBJC_LITERAL_CONVERSION = YES;
				CLANG_WARN_OBJC_ROOT_CLASS = YES_ERROR;
				CLANG_WARN_RANGE_LOOP_ANALYSIS = YES;
				CLANG_WARN_STRICT_PROTOTYPES = YES;
				CLANG_WARN_SUSPICIOUS_MOVE = YES;
				CLANG_WARN_UNGUARDED_AVAILABILITY = YES_AGGRESSIVE;
				CLANG_WARN_UNREACHABLE_CODE = YES;
				CLANG_WARN__DUPLICATE_METHOD_MATCH = YES;
				CODE_SIGN_IDENTITY = "iPhone Developer";
				COPY_PHASE_STRIP = NO;
				DEBUG_INFORMATION_FORMAT = "dwarf-with-dsym";
				ENABLE_NS_ASSERTIONS = NO;
				ENABLE_STRICT_OBJC_MSGSEND = YES;
				GCC_C_LANGUAGE_STANDARD = gnu11;
				GCC_NO_COMMON_BLOCKS = YES;
				GCC_WARN_64_TO_32_BIT_CONVERSION = YES;
				GCC_WARN_ABOUT_RETURN_TYPE = YES_ERROR;
				GCC_WARN_UNDECLARED_SELECTOR = YES;
				GCC_WARN_UNINITIALIZED_AUTOS = YES_AGGRESSIVE;
				GCC_WARN_UNUSED_FUNCTION = YES;
				GCC_WARN_UNUSED_VARIABLE = YES;
				IPHONEOS_DEPLOYMENT_TARGET = 11.4;
				MTL_ENABLE_DEBUG_INFO = NO;
				SDKROOT = iphoneos;
				VALIDATE_PRODUCT = YES;
			};
			name = Release;
		};
		23DA96A120BFE92E0077B1E4 /* Debug */ = {
			isa = XCBuildConfiguration;
			buildSettings = {
				ASSETCATALOG_COMPILER_APPICON_NAME = AppIcon;
				CODE_SIGN_STYLE = Automatic;
				GCC_PRECOMPILE_PREFIX_HEADER = YES;
				GCC_PREFIX_HEADER = "$(SRCROOT)/ZGTwoStageLinkage/PrefixHeader.pch";
				INFOPLIST_FILE = ZGTwoStageLinkage/Info.plist;
				LD_RUNPATH_SEARCH_PATHS = (
					"$(inherited)",
					"@executable_path/Frameworks",
				);
				PRODUCT_BUNDLE_IDENTIFIER = offcn.ZGTwoStageLinkage;
				PRODUCT_NAME = "$(TARGET_NAME)";
				TARGETED_DEVICE_FAMILY = "1,2";
			};
			name = Debug;
		};
		23DA96A220BFE92E0077B1E4 /* Release */ = {
			isa = XCBuildConfiguration;
			buildSettings = {
				ASSETCATALOG_COMPILER_APPICON_NAME = AppIcon;
				CODE_SIGN_STYLE = Automatic;
				GCC_PRECOMPILE_PREFIX_HEADER = YES;
				GCC_PREFIX_HEADER = "$(SRCROOT)/ZGTwoStageLinkage/PrefixHeader.pch";
				INFOPLIST_FILE = ZGTwoStageLinkage/Info.plist;
				LD_RUNPATH_SEARCH_PATHS = (
					"$(inherited)",
					"@executable_path/Frameworks",
				);
				PRODUCT_BUNDLE_IDENTIFIER = offcn.ZGTwoStageLinkage;
				PRODUCT_NAME = "$(TARGET_NAME)";
				TARGETED_DEVICE_FAMILY = "1,2";
			};
			name = Release;
		};
/* End XCBuildConfiguration section */

/* Begin XCConfigurationList section */
		23DA968520BFE92D0077B1E4 /* Build configuration list for PBXProject "ZGTwoStageLinkage" */ = {
			isa = XCConfigurationList;
			buildConfigurations = (
				23DA969E20BFE92E0077B1E4 /* Debug */,
				23DA969F20BFE92E0077B1E4 /* Release */,
			);
			defaultConfigurationIsVisible = 0;
			defaultConfigurationName = Release;
		};
		23DA96A020BFE92E0077B1E4 /* Build configuration list for PBXNativeTarget "ZGTwoStageLinkage" */ = {
			isa = XCConfigurationList;
			buildConfigurations = (
				23DA96A120BFE92E0077B1E4 /* Debug */,
				23DA96A220BFE92E0077B1E4 /* Release */,
			);
			defaultConfigurationIsVisible = 0;
			defaultConfigurationName = Release;
		};
/* End XCConfigurationList section */
	};
	rootObject = 23DA968220BFE92D0077B1E4 /* Project object */;
}
